
Microsoft Visual Studio Solution File, Format Version 12.00
# Visual Studio Version 17
VisualStudioVersion = 17.13.35825.156 d17.13
MinimumVisualStudioVersion = 10.0.40219.1
Project("{FAE04EC0-301F-11D3-BF4B-00C04F79EFBC}") = "TrabajoPractico", "TrabajoPractico.csproj", "{D3D874BB-0531-486C-B416-AF7BAE92098A}"
EndProject
Global
	GlobalSection(SolutionConfigurationPlatforms) = preSolution
		Debug|Any CPU = Debug|Any CPU
		Release|Any CPU = Release|Any CPU
	EndGlobalSection
	GlobalSection(ProjectConfigurationPlatforms) = postSolution
		{D3D874BB-0531-486C-B416-AF7BAE92098A}.Debug|Any CPU.ActiveCfg = Debug|Any CPU
		{D3D874BB-0531-486C-B416-AF7BAE92098A}.Debug|Any CPU.Build.0 = Debug|Any CPU
		{D3D874BB-0531-486C-B416-AF7BAE92098A}.Release|Any CPU.ActiveCfg = Release|Any CPU
		{D3D874BB-0531-486C-B416-AF7BAE92098A}.Release|Any CPU.Build.0 = Release|Any CPU
	EndGlobalSection
	GlobalSection(SolutionProperties) = preSolution
		HideSolutionNode = FALSE
	EndGlobalSection
	GlobalSection(ExtensibilityGlobals) = postSolution
		SolutionGuid = {BB699198-0777-4E6A-B9C9-431E2EB15D47}
	EndGlobalSection
EndGlobal
